
Microsoft Visual Studio Solution File, Format Version 12.00
# Visual Studio Version 16
VisualStudioVersion = 16.0.33920.266
MinimumVisualStudioVersion = 10.0.40219.1
Project("{FAE04EC0-301F-11D3-BF4B-00C04F79EFBC}") = "NLogSample", "NLogSample\NLogSample.csproj", "{A1300A42-708C-427A-BF09-740F473CA628}"
EndProject
Global
	GlobalSection(SolutionConfigurationPlatforms) = preSolution
		Debug|Any CPU = Debug|Any CPU
		Release|Any CPU = Release|Any CPU
	EndGlobalSection
	GlobalSection(ProjectConfigurationPlatforms) = postSolution
		{A1300A42-708C-427A-BF09-740F473CA628}.Debug|Any CPU.ActiveCfg = Debug|Any CPU
		{A1300A42-708C-427A-BF09-740F473CA628}.Debug|Any CPU.Build.0 = Debug|Any CPU
		{A1300A42-708C-427A-BF09-740F473CA628}.Release|Any CPU.ActiveCfg = Release|Any CPU
		{A1300A42-708C-427A-BF09-740F473CA628}.Release|Any CPU.Build.0 = Release|Any CPU
	EndGlobalSection
	GlobalSection(SolutionProperties) = preSolution
		HideSolutionNode = FALSE
	EndGlobalSection
	GlobalSection(ExtensibilityGlobals) = postSolution
		SolutionGuid = {EF407D4A-D519-4F13-AB5E-2520A049B9A6}
	EndGlobalSection
EndGlobal
